
Microsoft Visual Studio Solution File, Format Version 12.00
# Visual Studio Version 16
VisualStudioVersion = 16.0.30804.86
MinimumVisualStudioVersion = 10.0.40219.1
Project("{9A19103F-16F7-4668-BE54-9A1E7A4F7556}") = "SampleAPI", "SampleAPI\SampleAPI.csproj", "{3FA37416-BA56-431B-B31D-0BC355DE49A6}"
EndProject
Project("{9A19103F-16F7-4668-BE54-9A1E7A4F7556}") = "02.Records", "02.Records\02.Records.csproj", "{C2D70835-F720-4B92-8A6C-0E3CC5C7BBBB}"
EndProject
Project("{9A19103F-16F7-4668-BE54-9A1E7A4F7556}") = "01.Top Level Statements", "01.Top Level Statements\01.Top Level Statements.csproj", "{24331268-8CD8-4140-A986-FF26588E374D}"
EndProject
Project("{FAE04EC0-301F-11D3-BF4B-00C04F79EFBC}") = "03.Deconstruction", "03.Deconstruction\03.Deconstruction.csproj", "{D33D9006-853B-4C2B-958B-429B9EB328BB}"
EndProject
Project("{FAE04EC0-301F-11D3-BF4B-00C04F79EFBC}") = "04.Init-only setters", "04. Init-only setters\04.Init-only setters.csproj", "{EC4F6DA4-A249-4F16-94F7-4B782385039E}"
EndProject
Project("{FAE04EC0-301F-11D3-BF4B-00C04F79EFBC}") = "05.Pattern Matching", "05. Pattern Matching\05.Pattern Matching.csproj", "{E1BD713A-F6BC-4FE1-BCCB-BF984D23525E}"
EndProject
Project("{FAE04EC0-301F-11D3-BF4B-00C04F79EFBC}") = "06.With-expressions", "06.With-expressions\06.With-expressions.csproj", "{171FE500-685D-4C54-B3C2-633A26FBAA12}"
EndProject
Project("{FAE04EC0-301F-11D3-BF4B-00C04F79EFBC}") = "07.Relational and Logical patterns", "07.Relational and Logical patterns\07.Relational and Logical patterns.csproj", "{D232258E-5A0C-4155-85E6-99285EE6891C}"
EndProject
Project("{FAE04EC0-301F-11D3-BF4B-00C04F79EFBC}") = "08.Covariant Returns", "08.Covariant Returns\08.Covariant Returns.csproj", "{A81A6AC1-E390-4C30-A2D6-904A1FF1EE80}"
EndProject
Global
	GlobalSection(SolutionConfigurationPlatforms) = preSolution
		Debug|Any CPU = Debug|Any CPU
		Release|Any CPU = Release|Any CPU
	EndGlobalSection
	GlobalSection(ProjectConfigurationPlatforms) = postSolution
		{3FA37416-BA56-431B-B31D-0BC355DE49A6}.Debug|Any CPU.ActiveCfg = Debug|Any CPU
		{3FA37416-BA56-431B-B31D-0BC355DE49A6}.Debug|Any CPU.Build.0 = Debug|Any CPU
		{3FA37416-BA56-431B-B31D-0BC355DE49A6}.Release|Any CPU.ActiveCfg = Release|Any CPU
		{3FA37416-BA56-431B-B31D-0BC355DE49A6}.Release|Any CPU.Build.0 = Release|Any CPU
		{C2D70835-F720-4B92-8A6C-0E3CC5C7BBBB}.Debug|Any CPU.ActiveCfg = Debug|Any CPU
		{C2D70835-F720-4B92-8A6C-0E3CC5C7BBBB}.Debug|Any CPU.Build.0 = Debug|Any CPU
		{C2D70835-F720-4B92-8A6C-0E3CC5C7BBBB}.Release|Any CPU.ActiveCfg = Release|Any CPU
		{C2D70835-F720-4B92-8A6C-0E3CC5C7BBBB}.Release|Any CPU.Build.0 = Release|Any CPU
		{24331268-8CD8-4140-A986-FF26588E374D}.Debug|Any CPU.ActiveCfg = Debug|Any CPU
		{24331268-8CD8-4140-A986-FF26588E374D}.Debug|Any CPU.Build.0 = Debug|Any CPU
		{24331268-8CD8-4140-A986-FF26588E374D}.Release|Any CPU.ActiveCfg = Release|Any CPU
		{24331268-8CD8-4140-A986-FF26588E374D}.Release|Any CPU.Build.0 = Release|Any CPU
		{D33D9006-853B-4C2B-958B-429B9EB328BB}.Debug|Any CPU.ActiveCfg = Debug|Any CPU
		{D33D9006-853B-4C2B-958B-429B9EB328BB}.Debug|Any CPU.Build.0 = Debug|Any CPU
		{D33D9006-853B-4C2B-958B-429B9EB328BB}.Release|Any CPU.ActiveCfg = Release|Any CPU
		{D33D9006-853B-4C2B-958B-429B9EB328BB}.Release|Any CPU.Build.0 = Release|Any CPU
		{EC4F6DA4-A249-4F16-94F7-4B782385039E}.Debug|Any CPU.ActiveCfg = Debug|Any CPU
		{EC4F6DA4-A249-4F16-94F7-4B782385039E}.Debug|Any CPU.Build.0 = Debug|Any CPU
		{EC4F6DA4-A249-4F16-94F7-4B782385039E}.Release|Any CPU.ActiveCfg = Release|Any CPU
		{EC4F6DA4-A249-4F16-94F7-4B782385039E}.Release|Any CPU.Build.0 = Release|Any CPU
		{E1BD713A-F6BC-4FE1-BCCB-BF984D23525E}.Debug|Any CPU.ActiveCfg = Debug|Any CPU
		{E1BD713A-F6BC-4FE1-BCCB-BF984D23525E}.Debug|Any CPU.Build.0 = Debug|Any CPU
		{E1BD713A-F6BC-4FE1-BCCB-BF984D23525E}.Release|Any CPU.ActiveCfg = Release|Any CPU
		{E1BD713A-F6BC-4FE1-BCCB-BF984D23525E}.Release|Any CPU.Build.0 = Release|Any CPU
		{171FE500-685D-4C54-B3C2-633A26FBAA12}.Debug|Any CPU.ActiveCfg = Debug|Any CPU
		{171FE500-685D-4C54-B3C2-633A26FBAA12}.Debug|Any CPU.Build.0 = Debug|Any CPU
		{171FE500-685D-4C54-B3C2-633A26FBAA12}.Release|Any CPU.ActiveCfg = Release|Any CPU
		{171FE500-685D-4C54-B3C2-633A26FBAA12}.Release|Any CPU.Build.0 = Release|Any CPU
		{D232258E-5A0C-4155-85E6-99285EE6891C}.Debug|Any CPU.ActiveCfg = Debug|Any CPU
		{D232258E-5A0C-4155-85E6-99285EE6891C}.Debug|Any CPU.Build.0 = Debug|Any CPU
		{D232258E-5A0C-4155-85E6-99285EE6891C}.Release|Any CPU.ActiveCfg = Release|Any CPU
		{D232258E-5A0C-4155-85E6-99285EE6891C}.Release|Any CPU.Build.0 = Release|Any CPU
		{A81A6AC1-E390-4C30-A2D6-904A1FF1EE80}.Debug|Any CPU.ActiveCfg = Debug|Any CPU
		{A81A6AC1-E390-4C30-A2D6-904A1FF1EE80}.Debug|Any CPU.Build.0 = Debug|Any CPU
		{A81A6AC1-E390-4C30-A2D6-904A1FF1EE80}.Release|Any CPU.ActiveCfg = Release|Any CPU
		{A81A6AC1-E390-4C30-A2D6-904A1FF1EE80}.Release|Any CPU.Build.0 = Release|Any CPU
	EndGlobalSection
	GlobalSection(SolutionProperties) = preSolution
		HideSolutionNode = FALSE
	EndGlobalSection
	GlobalSection(ExtensibilityGlobals) = postSolution
		SolutionGuid = {9F7A5365-738A-4DA4-BA86-B771DDE82328}
	EndGlobalSection
EndGlobal
